hash: 099aebd1a6a5ae5cc2a6249dca0899008f8a69f90fc6e71e35fce95e320872d0
updated: 2019-03-13T15:26:10.10030462+05:30
imports:
- name: github.com/allegro/bigcache
  version: 06975fd8de981b85f94a4e5bed7c32999030cef3
  subpackages:
  - queue
- name: github.com/aristanetworks/goarista
  version: 18b896026201d8e1758468d9c5d5a558c69c5e9b
  subpackages:
  - monotime
- name: github.com/btcsuite/btcd
  version: f899737d7f2764dc13e4d01ff00108ec58f766a9
  subpackages:
  - btcec
- name: github.com/deckarep/golang-set
  version: 504e848d77ea4752b3057b8fb46da0e7f746ccf3
- name: github.com/ethereum/go-ethereum
  version: c942700427557e3ff6de3aaf6b916e2f056c1ec2
  subpackages:
  - accounts
  - accounts/abi
  - accounts/abi/bind
  - accounts/keystore
  - common
  - common/hexutil
  - common/math
  - common/mclock
  - common/prque
  - contracts/chequebook
  - contracts/chequebook/contract
  - core/types
  - crypto
  - crypto/secp256k1
  - ethclient
  - ethdb
  - event
  - log
  - metrics
  - p2p/netutil
  - params
  - rlp
  - rpc
  - swarm/log
  - swarm/services/swap/swap
  - trie
- name: github.com/go-stack/stack
  version: 259ab82a6cad3992b4e21ff5cac294ccb06474bc
- name: github.com/golang/snappy
  version: 2e65f85255dbc3072edf28d6b5b8efc472979f5a
- name: github.com/monetha/go-ethereum
  version: e7e7ff90cf6f091a867c009b54164332d5eb2440
  subpackages:
  - backend
- name: github.com/pborman/uuid
  version: c65b2f87fee37d1c7854c9164a450713c28d50cd
- name: github.com/rjeczalik/notify
  version: 4e54e7fd043e865c50bda93359fb78813a8d165b
- name: github.com/rs/cors
  version: 9a47f48565a795472d43519dd49aac781f3034fb
- name: github.com/syndtr/goleveldb
  version: ae2bd5eed72d46b28834ec3f60db3a3ebedd8dbd
  subpackages:
  - leveldb
  - leveldb/cache
  - leveldb/comparer
  - leveldb/errors
  - leveldb/filter
  - leveldb/iterator
  - leveldb/journal
  - leveldb/memdb
  - leveldb/opt
  - leveldb/storage
  - leveldb/table
  - leveldb/util
- name: golang.org/x/crypto
  version: aabede6cba87e37f413b3e60ebfc214f8eeca1b0
  subpackages:
  - pbkdf2
  - scrypt
  - sha3
- name: golang.org/x/net
  version: 10aee181995363b41f712a55844a0dd52ea04646
  subpackages:
  - websocket
- name: golang.org/x/sys
  version: 904bdc257025c7b3f43c19360ad3ab85783fad78
  subpackages:
  - unix
- name: gopkg.in/natefinch/npipe.v2
  version: c1b8fa8bdccecb0b8db834ee0b92fdbcfa606dd6
testImports: []
