hash: 3f477591f0e721d549628b55b3550dcff86ff96c139208ea7fc7f041307a5eae
updated: 2019-04-23T15:10:02.515352+03:00
imports:
- name: github.com/allegro/bigcache
  version: e24eb225f15679bbe54f91bfa7da3b00e59b9768
  subpackages:
  - queue
- name: github.com/aristanetworks/goarista
  version: 55bc7be9dd319639e5b8f276d66d76dd006df2d1
  subpackages:
  - monotime
- name: github.com/btcsuite/btcd
  version: 6867ff32788a1beb9d148e414d7f84f50958f0d2
  subpackages:
  - btcec
- name: github.com/deckarep/golang-set
  version: 699df6a3acf6867538e50931511e9dc403da108a
- name: github.com/edsrzf/mmap-go
  version: 904c4ced31cdffe19e971afa0b3d319ff06d9c72
- name: github.com/ethereum/go-ethereum
  version: 4bcc0a37ab70cb79b16893556cffdaad6974e7d8
  subpackages:
  - accounts
  - accounts/abi
  - accounts/abi/bind
  - accounts/abi/bind/backends
  - accounts/keystore
  - common
  - common/bitutil
  - common/hexutil
  - common/math
  - common/mclock
  - common/prque
  - consensus
  - consensus/ethash
  - consensus/misc
  - contracts/chequebook
  - contracts/chequebook/contract
  - core
  - core/bloombits
  - core/rawdb
  - core/state
  - core/types
  - core/vm
  - crypto
  - crypto/bn256
  - crypto/bn256/cloudflare
  - crypto/bn256/google
  - crypto/secp256k1
  - eth/filters
  - ethclient
  - ethdb
  - event
  - log
  - metrics
  - p2p/netutil
  - params
  - rlp
  - rpc
  - swarm/log
  - swarm/services/swap/swap
  - trie
- name: github.com/go-stack/stack
  version: 2fee6af1a9795aafbe0253a0cfbdf668e1fb8a9a
- name: github.com/golang/snappy
  version: 2a8bb927dd31d8daada140a5d09578521ce5c36a
- name: github.com/google/uuid
  version: c2e93f3ae59f2904160ceaab466009f965df46d6
- name: github.com/hashicorp/golang-lru
  version: 7087cb70de9f7a8bc0a10c375cb0d2280a8edf9c
  subpackages:
  - simplelru
- name: github.com/monetha/go-ethereum
  version: 9e984db77e930d8a39ce30299cc929723ef9b4ac
  subpackages:
  - backend
  - log
- name: github.com/pborman/uuid
  version: 8b1b92947f46224e3b97bb1a3a5b0382be00d31e
- name: github.com/rjeczalik/notify
  version: 629144ba06a1c6af28c1e42c228e3d42594ce081
- name: github.com/rs/cors
  version: 76f58f330d76a55c5badc74f6212e8a15e742c77
- name: github.com/syndtr/goleveldb
  version: c3a204f8e96543bb0cc090385c001078f184fc46
  subpackages:
  - leveldb
  - leveldb/cache
  - leveldb/comparer
  - leveldb/errors
  - leveldb/filter
  - leveldb/iterator
  - leveldb/journal
  - leveldb/memdb
  - leveldb/opt
  - leveldb/storage
  - leveldb/table
  - leveldb/util
- name: golang.org/x/crypto
  version: d864b10871cd4370fe574816b489c819c675ccc7
  subpackages:
  - pbkdf2
  - ripemd160
  - scrypt
  - sha3
- name: golang.org/x/lint
  version: 959b441ac422379a43da2230f62be024250818b0
  subpackages:
  - golint
- name: golang.org/x/net
  version: afa5a82059c6356159f699d81beff22a81842231
  subpackages:
  - websocket
- name: golang.org/x/sys
  version: 953cdadca894cdc07be76fc99f95b40c28f06623
  subpackages:
  - cpu
  - unix
  - windows
- name: golang.org/x/tools
  version: fe54fb35175bb1c0c175e2335e23d7fa90ca987a
  subpackages:
  - cmd/goimports
- name: gopkg.in/natefinch/npipe.v2
  version: c1b8fa8bdccecb0b8db834ee0b92fdbcfa606dd6
- name: honnef.co/go/tools
  version: e561f6794a2a09dd97bd3cdefde08db0d564f55c
  subpackages:
  - cmd/staticcheck
testImports: []
